PODS:
  - AppAuth (1.7.5):
    - AppAuth/Core (= 1.7.5)
    - AppAuth/ExternalUserAgent (= 1.7.5)
  - AppAuth/Core (1.7.5)
  - AppAuth/ExternalUserAgent (1.7.5):
    - AppAuth/Core
  - Capacitor (7.2.0):
    - CapacitorCordova
  - CapacitorApp (6.0.1):
    - Capacitor
  - CapacitorCordova (7.2.0)
  - CapacitorHaptics (6.0.1):
    - Capacitor
  - CapacitorKeyboard (6.0.2):
    - Capacitor
  - CapacitorNativeGoogleOneTapSignin (7.0.0):
    - Capacitor
    - GoogleSignIn
  - CapacitorStatusBar (6.0.1):
    - Capacitor
  - GoogleSignIn (7.1.0):
    - AppAuth (< 2.0, >= 1.7.3)
    - GTMAppAuth (< 5.0, >= 4.1.1)
    - GTMSessionFetcher/Core (~> 3.3)
  - GTMAppAuth (4.1.1):
    - AppAuth/Core (~> 1.7)
    - GTMSessionFetcher/Core (< 4.0, >= 3.3)
  - GTMSessionFetcher/Core (3.4.1)

DEPENDENCIES:
  - "Capacitor (from `../../../../node_modules/@capacitor/ios`)"
  - "CapacitorApp (from `../../node_modules/@capacitor/app`)"
  - "CapacitorCordova (from `../../../../node_modules/@capacitor/ios`)"
  - "CapacitorHaptics (from `../../node_modules/@capacitor/haptics`)"
  - "CapacitorKeyboard (from `../../node_modules/@capacitor/keyboard`)"
  - CapacitorNativeGoogleOneTapSignin (from `../../../..`)
  - "CapacitorStatusBar (from `../../node_modules/@capacitor/status-bar`)"

SPEC REPOS:
  trunk:
    - AppAuth
    - GoogleSignIn
    - GTMAppAuth
    - GTMSessionFetcher

EXTERNAL SOURCES:
  Capacitor:
    :path: "../../../../node_modules/@capacitor/ios"
  CapacitorApp:
    :path: "../../node_modules/@capacitor/app"
  CapacitorCordova:
    :path: "../../../../node_modules/@capacitor/ios"
  CapacitorHaptics:
    :path: "../../node_modules/@capacitor/haptics"
  CapacitorKeyboard:
    :path: "../../node_modules/@capacitor/keyboard"
  CapacitorNativeGoogleOneTapSignin:
    :path: "../../../.."
  CapacitorStatusBar:
    :path: "../../node_modules/@capacitor/status-bar"

SPEC CHECKSUMS:
  AppAuth: 501c04eda8a8d11f179dbe8637b7a91bb7e5d2fa
  Capacitor: 03bc7cbdde6a629a8b910a9d7d78c3cc7ed09ea7
  CapacitorApp: f51c08c64df914fc934239fd1b3fc809d62a02f6
  CapacitorCordova: 5967b9ba03915ef1d585469d6e31f31dc49be96f
  CapacitorHaptics: 05d33e20e394b1977dfd2a00a2621e04098164c1
  CapacitorKeyboard: 5bf4458dd989b56a60ea15c92cbca5fbfae6e9f9
  CapacitorNativeGoogleOneTapSignin: 1aadee44c6e12e8f3607dce8444461fd42a5211e
  CapacitorStatusBar: 9ed7f06318fd436917072a9bf60fda56d12c8bdb
  GoogleSignIn: d4281ab6cf21542b1cfaff85c191f230b399d2db
  GTMAppAuth: f69bd07d68cd3b766125f7e072c45d7340dea0de
  GTMSessionFetcher: 8000756fc1c19d2e5697b90311f7832d2e33f6cd

PODFILE CHECKSUM: f8abc6fd2a9cb5bfb0920905b27ff9ca0c18d167

COCOAPODS: 1.16.2
